
Microsoft Visual Studio Solution File, Format Version 12.00
# Visual Studio Version 17
VisualStudioVersion = 17.11.35303.130
MinimumVisualStudioVersion = 10.0.40219.1
Project("{FAE04EC0-301F-11D3-BF4B-00C04F79EFBC}") = "Surautsau_353505_Lab7", "Surautsau_353505_Lab7\Surautsau_353505_Lab7.csproj", "{1F56654F-A30E-46B6-A33B-C7BB9AF83B30}"
EndProject
Project("{FAE04EC0-301F-11D3-BF4B-00C04F79EFBC}") = "IntegralCalculator", "IntegralCalculator\IntegralCalculator.csproj", "{1DF33D40-3A4C-4EE8-BD0C-27A269EBF9B3}"
EndProject
Global
	GlobalSection(SolutionConfigurationPlatforms) = preSolution
		Debug|Any CPU = Debug|Any CPU
		Release|Any CPU = Release|Any CPU
	EndGlobalSection
	GlobalSection(ProjectConfigurationPlatforms) = postSolution
		{1F56654F-A30E-46B6-A33B-C7BB9AF83B30}.Debug|Any CPU.ActiveCfg = Debug|Any CPU
		{1F56654F-A30E-46B6-A33B-C7BB9AF83B30}.Debug|Any CPU.Build.0 = Debug|Any CPU
		{1F56654F-A30E-46B6-A33B-C7BB9AF83B30}.Release|Any CPU.ActiveCfg = Release|Any CPU
		{1F56654F-A30E-46B6-A33B-C7BB9AF83B30}.Release|Any CPU.Build.0 = Release|Any CPU
		{1DF33D40-3A4C-4EE8-BD0C-27A269EBF9B3}.Debug|Any CPU.ActiveCfg = Debug|Any CPU
		{1DF33D40-3A4C-4EE8-BD0C-27A269EBF9B3}.Debug|Any CPU.Build.0 = Debug|Any CPU
		{1DF33D40-3A4C-4EE8-BD0C-27A269EBF9B3}.Release|Any CPU.ActiveCfg = Release|Any CPU
		{1DF33D40-3A4C-4EE8-BD0C-27A269EBF9B3}.Release|Any CPU.Build.0 = Release|Any CPU
	EndGlobalSection
	GlobalSection(SolutionProperties) = preSolution
		HideSolutionNode = FALSE
	EndGlobalSection
	GlobalSection(ExtensibilityGlobals) = postSolution
		SolutionGuid = {EEACEDFA-445C-4163-829A-CCE30BF377B3}
	EndGlobalSection
EndGlobal
