
Microsoft Visual Studio Solution File, Format Version 12.00
# Visual Studio Version 17
VisualStudioVersion = 17.11.35327.3
MinimumVisualStudioVersion = 10.0.40219.1
Project("{FAE04EC0-301F-11D3-BF4B-00C04F79EFBC}") = "Surautsau_353505_Lab8", "Surautsau_353505_Lab8\Surautsau_353505_Lab8.csproj", "{40DE5B68-DD70-4421-9B9A-F862A3ED3083}"
EndProject
Project("{FAE04EC0-301F-11D3-BF4B-00C04F79EFBC}") = "Employee", "Employee\Employee.csproj", "{18ADC4C5-5ABB-46B1-AC46-C491C6E31916}"
EndProject
Project("{FAE04EC0-301F-11D3-BF4B-00C04F79EFBC}") = "StreamService", "StreamService\StreamService.csproj", "{15DC239F-C228-4716-A4FA-C652A7F4F39F}"
EndProject
Global
	GlobalSection(SolutionConfigurationPlatforms) = preSolution
		Debug|Any CPU = Debug|Any CPU
		Release|Any CPU = Release|Any CPU
	EndGlobalSection
	GlobalSection(ProjectConfigurationPlatforms) = postSolution
		{40DE5B68-DD70-4421-9B9A-F862A3ED3083}.Debug|Any CPU.ActiveCfg = Debug|Any CPU
		{40DE5B68-DD70-4421-9B9A-F862A3ED3083}.Debug|Any CPU.Build.0 = Debug|Any CPU
		{40DE5B68-DD70-4421-9B9A-F862A3ED3083}.Release|Any CPU.ActiveCfg = Release|Any CPU
		{40DE5B68-DD70-4421-9B9A-F862A3ED3083}.Release|Any CPU.Build.0 = Release|Any CPU
		{18ADC4C5-5ABB-46B1-AC46-C491C6E31916}.Debug|Any CPU.ActiveCfg = Debug|Any CPU
		{18ADC4C5-5ABB-46B1-AC46-C491C6E31916}.Debug|Any CPU.Build.0 = Debug|Any CPU
		{18ADC4C5-5ABB-46B1-AC46-C491C6E31916}.Release|Any CPU.ActiveCfg = Release|Any CPU
		{18ADC4C5-5ABB-46B1-AC46-C491C6E31916}.Release|Any CPU.Build.0 = Release|Any CPU
		{15DC239F-C228-4716-A4FA-C652A7F4F39F}.Debug|Any CPU.ActiveCfg = Debug|Any CPU
		{15DC239F-C228-4716-A4FA-C652A7F4F39F}.Debug|Any CPU.Build.0 = Debug|Any CPU
		{15DC239F-C228-4716-A4FA-C652A7F4F39F}.Release|Any CPU.ActiveCfg = Release|Any CPU
		{15DC239F-C228-4716-A4FA-C652A7F4F39F}.Release|Any CPU.Build.0 = Release|Any CPU
	EndGlobalSection
	GlobalSection(SolutionProperties) = preSolution
		HideSolutionNode = FALSE
	EndGlobalSection
	GlobalSection(ExtensibilityGlobals) = postSolution
		SolutionGuid = {304EA8B0-F7A9-401F-9BFE-7A66FB91E45B}
	EndGlobalSection
EndGlobal
